
Microsoft Visual Studio Solution File, Format Version 12.00
# Visual Studio Version 16
VisualStudioVersion = 16.0.28705.295
MinimumVisualStudioVersion = 10.0.40219.1
Project("{9A19103F-16F7-4668-BE54-9A1E7A4F7556}") = "DiscordMusicBot", "DiscordMusicBot\DiscordMusicBot.csproj", "{0956886F-C6F0-4378-9205-039C4D63877A}"
EndProject
Global
	GlobalSection(SolutionConfigurationPlatforms) = preSolution
		Debug|Any CPU = Debug|Any CPU
		Release|Any CPU = Release|Any CPU
	EndGlobalSection
	GlobalSection(ProjectConfigurationPlatforms) = postSolution
		{0956886F-C6F0-4378-9205-039C4D63877A}.Debug|Any CPU.ActiveCfg = Debug|Any CPU
		{0956886F-C6F0-4378-9205-039C4D63877A}.Debug|Any CPU.Build.0 = Debug|Any CPU
		{0956886F-C6F0-4378-9205-039C4D63877A}.Release|Any CPU.ActiveCfg = Release|Any CPU
		{0956886F-C6F0-4378-9205-039C4D63877A}.Release|Any CPU.Build.0 = Release|Any CPU
	EndGlobalSection
	GlobalSection(SolutionProperties) = preSolution
		HideSolutionNode = FALSE
	EndGlobalSection
	GlobalSection(ExtensibilityGlobals) = postSolution
		SolutionGuid = {B44A29F0-A3F7-4CCE-B2AB-0FFA98E5DA1F}
	EndGlobalSection
EndGlobal
